
Microsoft Visual Studio Solution File, Format Version 12.00
# Visual Studio Version 17
VisualStudioVersion = 17.7.34031.279
MinimumVisualStudioVersion = 10.0.40219.1
Project("{9A19103F-16F7-4668-BE54-9A1E7A4F7556}") = "Aula 1", "Aula 1\Aula 1.csproj", "{38300391-FD89-4C0D-9814-9CD9EBBFD34D}"
EndProject
Project("{9A19103F-16F7-4668-BE54-9A1E7A4F7556}") = "ex_2.0_tiposPrimitivos", "Ex_2\ex_2.0_tiposPrimitivos.csproj", "{6CBA091D-0249-4C85-907F-6E557F4B7322}"
EndProject
Project("{9A19103F-16F7-4668-BE54-9A1E7A4F7556}") = "ex_2.1", "Exemplo1\ex_2.1.csproj", "{E90CF6C3-21A9-4812-890E-06206D81ECE4}"
EndProject
Project("{9A19103F-16F7-4668-BE54-9A1E7A4F7556}") = "ex_3.0_If", "ex_3\ex_3.0_If.csproj", "{E3DD250B-1711-47B6-A95D-E6C7A5D4C2A8}"
EndProject
Project("{9A19103F-16F7-4668-BE54-9A1E7A4F7556}") = "ex_3.1", "ex_3.1\ex_3.1.csproj", "{5A3FE62D-BD4A-4E84-8242-73EBCCB8A900}"
EndProject
Project("{9A19103F-16F7-4668-BE54-9A1E7A4F7556}") = "ex_3.2", "ex_3.2\ex_3.2.csproj", "{037AEB75-EEF1-4F28-AD58-566E7E6855A1}"
EndProject
Project("{9A19103F-16F7-4668-BE54-9A1E7A4F7556}") = "ex_3.3", "ex_3.3\ex_3.3.csproj", "{C77BA67B-8F16-413A-B552-B66E6DB04EA6}"
EndProject
Project("{9A19103F-16F7-4668-BE54-9A1E7A4F7556}") = "ex_3.4", "ex_3.4\ex_3.4.csproj", "{A51D5887-4B22-4C0C-A433-710B774E2AE9}"
EndProject
Project("{9A19103F-16F7-4668-BE54-9A1E7A4F7556}") = "ex_4.0_Switch", "ex_4\ex_4.0_Switch.csproj", "{BDEC213D-533C-490C-B4D8-91AA4CA7BE3F}"
EndProject
Project("{9A19103F-16F7-4668-BE54-9A1E7A4F7556}") = "ex_4.1", "ex_4.1\ex_4.1.csproj", "{DA2E367D-13CB-41F7-A644-627B48068030}"
EndProject
Project("{9A19103F-16F7-4668-BE54-9A1E7A4F7556}") = "ex_4.2", "ex_4.2\ex_4.2.csproj", "{207AF0F9-E0B2-47F2-B79C-DF7F531297FA}"
EndProject
Project("{9A19103F-16F7-4668-BE54-9A1E7A4F7556}") = "ex_4.3", "ex_4.3\ex_4.3.csproj", "{83630EEF-99F1-42DE-87F4-57B0B84B8A83}"
EndProject
Project("{9A19103F-16F7-4668-BE54-9A1E7A4F7556}") = "ex_4.4", "ex_4.4\ex_4.4.csproj", "{D4FA2941-B6A0-4009-8E07-8555FE48BD76}"
EndProject
Project("{9A19103F-16F7-4668-BE54-9A1E7A4F7556}") = "ex_5.0_For", "ex_5.0_For\ex_5.0_For.csproj", "{136C3E33-2368-4256-9A15-DF58C8A0F0D6}"
EndProject
Project("{9A19103F-16F7-4668-BE54-9A1E7A4F7556}") = "ex_5.1", "ex_5.1\ex_5.1.csproj", "{0135DDCA-D33E-4C33-86E5-6A7DD3BF694B}"
EndProject
Project("{9A19103F-16F7-4668-BE54-9A1E7A4F7556}") = "ex_5.2", "ex_5.2\ex_5.2.csproj", "{1DC7C51A-1F3F-4A68-B18E-002055FA86F0}"
EndProject
Project("{9A19103F-16F7-4668-BE54-9A1E7A4F7556}") = "ex_6.0_While", "ex_5.3\ex_6.0_While.csproj", "{E86A9E9A-60F5-43F1-80A5-87B419D968F0}"
EndProject
Project("{9A19103F-16F7-4668-BE54-9A1E7A4F7556}") = "homeWork_1", "homeWork_1\homeWork_1.csproj", "{48749EFF-7700-4B09-9D32-F7C7A051790E}"
EndProject
Project("{9A19103F-16F7-4668-BE54-9A1E7A4F7556}") = "ex_7.0_doWhile", "ex_7.0_doWhile\ex_7.0_doWhile.csproj", "{A1982152-A790-4D8D-B90E-C3C9AE00D7C3}"
EndProject
Project("{FAE04EC0-301F-11D3-BF4B-00C04F79EFBC}") = "ex_7.1", "ex_7.1\ex_7.1.csproj", "{0828432A-D7A4-4F69-A598-ED979B648E4A}"
EndProject
Project("{FAE04EC0-301F-11D3-BF4B-00C04F79EFBC}") = "ex_7.2", "ex_7.2\ex_7.2.csproj", "{BC5EF4C9-5303-4638-AF0C-960003E1059C}"
EndProject
Global
	GlobalSection(SolutionConfigurationPlatforms) = preSolution
		Debug|Any CPU = Debug|Any CPU
		Release|Any CPU = Release|Any CPU
	EndGlobalSection
	GlobalSection(ProjectConfigurationPlatforms) = postSolution
		{38300391-FD89-4C0D-9814-9CD9EBBFD34D}.Debug|Any CPU.ActiveCfg = Debug|Any CPU
		{38300391-FD89-4C0D-9814-9CD9EBBFD34D}.Debug|Any CPU.Build.0 = Debug|Any CPU
		{38300391-FD89-4C0D-9814-9CD9EBBFD34D}.Release|Any CPU.ActiveCfg = Release|Any CPU
		{38300391-FD89-4C0D-9814-9CD9EBBFD34D}.Release|Any CPU.Build.0 = Release|Any CPU
		{6CBA091D-0249-4C85-907F-6E557F4B7322}.Debug|Any CPU.ActiveCfg = Debug|Any CPU
		{6CBA091D-0249-4C85-907F-6E557F4B7322}.Debug|Any CPU.Build.0 = Debug|Any CPU
		{6CBA091D-0249-4C85-907F-6E557F4B7322}.Release|Any CPU.ActiveCfg = Release|Any CPU
		{6CBA091D-0249-4C85-907F-6E557F4B7322}.Release|Any CPU.Build.0 = Release|Any CPU
		{E90CF6C3-21A9-4812-890E-06206D81ECE4}.Debug|Any CPU.ActiveCfg = Debug|Any CPU
		{E90CF6C3-21A9-4812-890E-06206D81ECE4}.Debug|Any CPU.Build.0 = Debug|Any CPU
		{E90CF6C3-21A9-4812-890E-06206D81ECE4}.Release|Any CPU.ActiveCfg = Release|Any CPU
		{E90CF6C3-21A9-4812-890E-06206D81ECE4}.Release|Any CPU.Build.0 = Release|Any CPU
		{E3DD250B-1711-47B6-A95D-E6C7A5D4C2A8}.Debug|Any CPU.ActiveCfg = Debug|Any CPU
		{E3DD250B-1711-47B6-A95D-E6C7A5D4C2A8}.Debug|Any CPU.Build.0 = Debug|Any CPU
		{E3DD250B-1711-47B6-A95D-E6C7A5D4C2A8}.Release|Any CPU.ActiveCfg = Release|Any CPU
		{E3DD250B-1711-47B6-A95D-E6C7A5D4C2A8}.Release|Any CPU.Build.0 = Release|Any CPU
		{5A3FE62D-BD4A-4E84-8242-73EBCCB8A900}.Debug|Any CPU.ActiveCfg = Debug|Any CPU
		{5A3FE62D-BD4A-4E84-8242-73EBCCB8A900}.Debug|Any CPU.Build.0 = Debug|Any CPU
		{5A3FE62D-BD4A-4E84-8242-73EBCCB8A900}.Release|Any CPU.ActiveCfg = Release|Any CPU
		{5A3FE62D-BD4A-4E84-8242-73EBCCB8A900}.Release|Any CPU.Build.0 = Release|Any CPU
		{037AEB75-EEF1-4F28-AD58-566E7E6855A1}.Debug|Any CPU.ActiveCfg = Debug|Any CPU
		{037AEB75-EEF1-4F28-AD58-566E7E6855A1}.Debug|Any CPU.Build.0 = Debug|Any CPU
		{037AEB75-EEF1-4F28-AD58-566E7E6855A1}.Release|Any CPU.ActiveCfg = Release|Any CPU
		{037AEB75-EEF1-4F28-AD58-566E7E6855A1}.Release|Any CPU.Build.0 = Release|Any CPU
		{C77BA67B-8F16-413A-B552-B66E6DB04EA6}.Debug|Any CPU.ActiveCfg = Debug|Any CPU
		{C77BA67B-8F16-413A-B552-B66E6DB04EA6}.Debug|Any CPU.Build.0 = Debug|Any CPU
		{C77BA67B-8F16-413A-B552-B66E6DB04EA6}.Release|Any CPU.ActiveCfg = Release|Any CPU
		{C77BA67B-8F16-413A-B552-B66E6DB04EA6}.Release|Any CPU.Build.0 = Release|Any CPU
		{A51D5887-4B22-4C0C-A433-710B774E2AE9}.Debug|Any CPU.ActiveCfg = Debug|Any CPU
		{A51D5887-4B22-4C0C-A433-710B774E2AE9}.Debug|Any CPU.Build.0 = Debug|Any CPU
		{A51D5887-4B22-4C0C-A433-710B774E2AE9}.Release|Any CPU.ActiveCfg = Release|Any CPU
		{A51D5887-4B22-4C0C-A433-710B774E2AE9}.Release|Any CPU.Build.0 = Release|Any CPU
		{BDEC213D-533C-490C-B4D8-91AA4CA7BE3F}.Debug|Any CPU.ActiveCfg = Debug|Any CPU
		{BDEC213D-533C-490C-B4D8-91AA4CA7BE3F}.Debug|Any CPU.Build.0 = Debug|Any CPU
		{BDEC213D-533C-490C-B4D8-91AA4CA7BE3F}.Release|Any CPU.ActiveCfg = Release|Any CPU
		{BDEC213D-533C-490C-B4D8-91AA4CA7BE3F}.Release|Any CPU.Build.0 = Release|Any CPU
		{DA2E367D-13CB-41F7-A644-627B48068030}.Debug|Any CPU.ActiveCfg = Debug|Any CPU
		{DA2E367D-13CB-41F7-A644-627B48068030}.Debug|Any CPU.Build.0 = Debug|Any CPU
		{DA2E367D-13CB-41F7-A644-627B48068030}.Release|Any CPU.ActiveCfg = Release|Any CPU
		{DA2E367D-13CB-41F7-A644-627B48068030}.Release|Any CPU.Build.0 = Release|Any CPU
		{207AF0F9-E0B2-47F2-B79C-DF7F531297FA}.Debug|Any CPU.ActiveCfg = Debug|Any CPU
		{207AF0F9-E0B2-47F2-B79C-DF7F531297FA}.Debug|Any CPU.Build.0 = Debug|Any CPU
		{207AF0F9-E0B2-47F2-B79C-DF7F531297FA}.Release|Any CPU.ActiveCfg = Release|Any CPU
		{207AF0F9-E0B2-47F2-B79C-DF7F531297FA}.Release|Any CPU.Build.0 = Release|Any CPU
		{83630EEF-99F1-42DE-87F4-57B0B84B8A83}.Debug|Any CPU.ActiveCfg = Debug|Any CPU
		{83630EEF-99F1-42DE-87F4-57B0B84B8A83}.Debug|Any CPU.Build.0 = Debug|Any CPU
		{83630EEF-99F1-42DE-87F4-57B0B84B8A83}.Release|Any CPU.ActiveCfg = Release|Any CPU
		{83630EEF-99F1-42DE-87F4-57B0B84B8A83}.Release|Any CPU.Build.0 = Release|Any CPU
		{D4FA2941-B6A0-4009-8E07-8555FE48BD76}.Debug|Any CPU.ActiveCfg = Debug|Any CPU
		{D4FA2941-B6A0-4009-8E07-8555FE48BD76}.Debug|Any CPU.Build.0 = Debug|Any CPU
		{D4FA2941-B6A0-4009-8E07-8555FE48BD76}.Release|Any CPU.ActiveCfg = Release|Any CPU
		{D4FA2941-B6A0-4009-8E07-8555FE48BD76}.Release|Any CPU.Build.0 = Release|Any CPU
		{136C3E33-2368-4256-9A15-DF58C8A0F0D6}.Debug|Any CPU.ActiveCfg = Debug|Any CPU
		{136C3E33-2368-4256-9A15-DF58C8A0F0D6}.Debug|Any CPU.Build.0 = Debug|Any CPU
		{136C3E33-2368-4256-9A15-DF58C8A0F0D6}.Release|Any CPU.ActiveCfg = Release|Any CPU
		{136C3E33-2368-4256-9A15-DF58C8A0F0D6}.Release|Any CPU.Build.0 = Release|Any CPU
		{0135DDCA-D33E-4C33-86E5-6A7DD3BF694B}.Debug|Any CPU.ActiveCfg = Debug|Any CPU
		{0135DDCA-D33E-4C33-86E5-6A7DD3BF694B}.Debug|Any CPU.Build.0 = Debug|Any CPU
		{0135DDCA-D33E-4C33-86E5-6A7DD3BF694B}.Release|Any CPU.ActiveCfg = Release|Any CPU
		{0135DDCA-D33E-4C33-86E5-6A7DD3BF694B}.Release|Any CPU.Build.0 = Release|Any CPU
		{1DC7C51A-1F3F-4A68-B18E-002055FA86F0}.Debug|Any CPU.ActiveCfg = Debug|Any CPU
		{1DC7C51A-1F3F-4A68-B18E-002055FA86F0}.Debug|Any CPU.Build.0 = Debug|Any CPU
		{1DC7C51A-1F3F-4A68-B18E-002055FA86F0}.Release|Any CPU.ActiveCfg = Release|Any CPU
		{1DC7C51A-1F3F-4A68-B18E-002055FA86F0}.Release|Any CPU.Build.0 = Release|Any CPU
		{E86A9E9A-60F5-43F1-80A5-87B419D968F0}.Debug|Any CPU.ActiveCfg = Debug|Any CPU
		{E86A9E9A-60F5-43F1-80A5-87B419D968F0}.Debug|Any CPU.Build.0 = Debug|Any CPU
		{E86A9E9A-60F5-43F1-80A5-87B419D968F0}.Release|Any CPU.ActiveCfg = Release|Any CPU
		{E86A9E9A-60F5-43F1-80A5-87B419D968F0}.Release|Any CPU.Build.0 = Release|Any CPU
		{48749EFF-7700-4B09-9D32-F7C7A051790E}.Debug|Any CPU.ActiveCfg = Debug|Any CPU
		{48749EFF-7700-4B09-9D32-F7C7A051790E}.Debug|Any CPU.Build.0 = Debug|Any CPU
		{48749EFF-7700-4B09-9D32-F7C7A051790E}.Release|Any CPU.ActiveCfg = Release|Any CPU
		{48749EFF-7700-4B09-9D32-F7C7A051790E}.Release|Any CPU.Build.0 = Release|Any CPU
		{A1982152-A790-4D8D-B90E-C3C9AE00D7C3}.Debug|Any CPU.ActiveCfg = Debug|Any CPU
		{A1982152-A790-4D8D-B90E-C3C9AE00D7C3}.Debug|Any CPU.Build.0 = Debug|Any CPU
		{A1982152-A790-4D8D-B90E-C3C9AE00D7C3}.Release|Any CPU.ActiveCfg = Release|Any CPU
		{A1982152-A790-4D8D-B90E-C3C9AE00D7C3}.Release|Any CPU.Build.0 = Release|Any CPU
		{0828432A-D7A4-4F69-A598-ED979B648E4A}.Debug|Any CPU.ActiveCfg = Debug|Any CPU
		{0828432A-D7A4-4F69-A598-ED979B648E4A}.Debug|Any CPU.Build.0 = Debug|Any CPU
		{0828432A-D7A4-4F69-A598-ED979B648E4A}.Release|Any CPU.ActiveCfg = Release|Any CPU
		{0828432A-D7A4-4F69-A598-ED979B648E4A}.Release|Any CPU.Build.0 = Release|Any CPU
		{BC5EF4C9-5303-4638-AF0C-960003E1059C}.Debug|Any CPU.ActiveCfg = Debug|Any CPU
		{BC5EF4C9-5303-4638-AF0C-960003E1059C}.Debug|Any CPU.Build.0 = Debug|Any CPU
		{BC5EF4C9-5303-4638-AF0C-960003E1059C}.Release|Any CPU.ActiveCfg = Release|Any CPU
		{BC5EF4C9-5303-4638-AF0C-960003E1059C}.Release|Any CPU.Build.0 = Release|Any CPU
	EndGlobalSection
	GlobalSection(SolutionProperties) = preSolution
		HideSolutionNode = FALSE
	EndGlobalSection
	GlobalSection(ExtensibilityGlobals) = postSolution
		SolutionGuid = {79FD7116-568A-42D9-A756-748D92A91570}
	EndGlobalSection
EndGlobal
